// !$*UTF8*$!
{
	archiveVersion = 1;
	classes = {
	};
	objectVersion = 56;
	objects = {

/* Begin PBXBuildFile section */
		9B6A03B42946309B0013CCF0 /* ImageDownloader.swift in Sources */ = {isa = PBXBuildFile; fileRef = 9B6A03B32946309B0013CCF0 /* ImageDownloader.swift */; };
		9B778184293F2BC40089C9E9 /* MainViewController.swift in Sources */ = {isa = PBXBuildFile; fileRef = 9B778183293F2BC40089C9E9 /* MainViewController.swift */; };
		9B778188293F59890089C9E9 /* DetailViewController.swift in Sources */ = {isa = PBXBuildFile; fileRef = 9B778187293F59890089C9E9 /* DetailViewController.swift */; };
		9B77818A293F6BBA0089C9E9 /* MusicItemModel.swift in Sources */ = {isa = PBXBuildFile; fileRef = 9B778189293F6BBA0089C9E9 /* MusicItemModel.swift */; };
		9B77E1432940E790005ED9A6 /* NetworkClient.swift in Sources */ = {isa = PBXBuildFile; fileRef = 9B77E1422940E790005ED9A6 /* NetworkClient.swift */; };
		9B77E1452940E816005ED9A6 /* ContentViewModel.swift in Sources */ = {isa = PBXBuildFile; fileRef = 9B77E1442940E816005ED9A6 /* ContentViewModel.swift */; };
		9B77E1482940E880005ED9A6 /* Extensions.swift in Sources */ = {isa = PBXBuildFile; fileRef = 9B77E1472940E880005ED9A6 /* Extensions.swift */; };
		9B77E14A2940E8B8005ED9A6 /* MusicSearchResponse.swift in Sources */ = {isa = PBXBuildFile; fileRef = 9B77E1492940E8B8005ED9A6 /* MusicSearchResponse.swift */; };
		9BF2059A293E2E3200299604 /* AppDelegate.swift in Sources */ = {isa = PBXBuildFile; fileRef = 9BF20599293E2E3200299604 /* AppDelegate.swift */; };
		9BF2059C293E2E3200299604 /* SceneDelegate.swift in Sources */ = {isa = PBXBuildFile; fileRef = 9BF2059B293E2E3200299604 /* SceneDelegate.swift */; };
		9BF2059E293E2E3200299604 /* ViewController.swift in Sources */ = {isa = PBXBuildFile; fileRef = 9BF2059D293E2E3200299604 /* ViewController.swift */; };
		9BF205A1293E2E3200299604 /* Main.storyboard in Resources */ = {isa = PBXBuildFile; fileRef = 9BF2059F293E2E3200299604 /* Main.storyboard */; };
		9BF205A3293E2E3400299604 /* Assets.xcassets in Resources */ = {isa = PBXBuildFile; fileRef = 9BF205A2293E2E3400299604 /* Assets.xcassets */; };
		9BF205A6293E2E3400299604 /* LaunchScreen.storyboard in Resources */ = {isa = PBXBuildFile; fileRef = 9BF205A4293E2E3400299604 /* LaunchScreen.storyboard */; };
/* End PBXBuildFile section */

/* Begin PBXFileReference section */
		9B6A03B32946309B0013CCF0 /* ImageDownloader.swift */ = {isa = PBXFileReference; lastKnownFileType = sourcecode.swift; path = ImageDownloader.swift; sourceTree = "<group>"; };
		9B778183293F2BC40089C9E9 /* MainViewController.swift */ = {isa = PBXFileReference; lastKnownFileType = sourcecode.swift; path = MainViewController.swift; sourceTree = "<group>"; };
		9B778187293F59890089C9E9 /* DetailViewController.swift */ = {isa = PBXFileReference; lastKnownFileType = sourcecode.swift; path = DetailViewController.swift; sourceTree = "<group>"; };
		9B778189293F6BBA0089C9E9 /* MusicItemModel.swift */ = {isa = PBXFileReference; lastKnownFileType = sourcecode.swift; path = MusicItemModel.swift; sourceTree = "<group>"; };
		9B77E1422940E790005ED9A6 /* NetworkClient.swift */ = {isa = PBXFileReference; lastKnownFileType = sourcecode.swift; path = NetworkClient.swift; sourceTree = "<group>"; };
		9B77E1442940E816005ED9A6 /* ContentViewModel.swift */ = {isa = PBXFileReference; lastKnownFileType = sourcecode.swift; path = ContentViewModel.swift; sourceTree = "<group>"; };
		9B77E1472940E880005ED9A6 /* Extensions.swift */ = {isa = PBXFileReference; lastKnownFileType = sourcecode.swift; path = Extensions.swift; sourceTree = "<group>"; };
		9B77E1492940E8B8005ED9A6 /* MusicSearchResponse.swift */ = {isa = PBXFileReference; lastKnownFileType = sourcecode.swift; path = MusicSearchResponse.swift; sourceTree = "<group>"; };
		9BF20596293E2E3200299604 /* MusicSearch_UIKit.app */ = {isa = PBXFileReference; explicitFileType = wrapper.application; includeInIndex = 0; path = MusicSearch_UIKit.app; sourceTree = BUILT_PRODUCTS_DIR; };
		9BF20599293E2E3200299604 /* AppDelegate.swift */ = {isa = PBXFileReference; lastKnownFileType = sourcecode.swift; path = AppDelegate.swift; sourceTree = "<group>"; };
		9BF2059B293E2E3200299604 /* SceneDelegate.swift */ = {isa = PBXFileReference; lastKnownFileType = sourcecode.swift; path = SceneDelegate.swift; sourceTree = "<group>"; };
		9BF2059D293E2E3200299604 /* ViewController.swift */ = {isa = PBXFileReference; lastKnownFileType = sourcecode.swift; path = ViewController.swift; sourceTree = "<group>"; };
		9BF205A0293E2E3200299604 /* Base */ = {isa = PBXFileReference; lastKnownFileType = file.storyboard; name = Base; path = Base.lproj/Main.storyboard; sourceTree = "<group>"; };
		9BF205A2293E2E3400299604 /* Assets.xcassets */ = {isa = PBXFileReference; lastKnownFileType = folder.assetcatalog; path = Assets.xcassets; sourceTree = "<group>"; };
		9BF205A5293E2E3400299604 /* Base */ = {isa = PBXFileReference; lastKnownFileType = file.storyboard; name = Base; path = Base.lproj/LaunchScreen.storyboard; sourceTree = "<group>"; };
		9BF205A7293E2E3400299604 /* Info.plist */ = {isa = PBXFileReference; lastKnownFileType = text.plist.xml; path = Info.plist; sourceTree = "<group>"; };
/* End PBXFileReference section */

/* Begin PBXFrameworksBuildPhase section */
		9BF20593293E2E3200299604 /* Frameworks */ = {
			isa = PBXFrameworksBuildPhase;
			buildActionMask = 2147483647;
			files = (
			);
			runOnlyForDeploymentPostprocessing = 0;
		};
/* End PBXFrameworksBuildPhase section */

/* Begin PBXGroup section */
		9B6A03B529471FC70013CCF0 /* Controller */ = {
			isa = PBXGroup;
			children = (
				9B778183293F2BC40089C9E9 /* MainViewController.swift */,
				9B778187293F59890089C9E9 /* DetailViewController.swift */,
			);
			path = Controller;
			sourceTree = "<group>";
		};
		9B6A03B629471FDC0013CCF0 /* Models */ = {
			isa = PBXGroup;
			children = (
				9B77E1492940E8B8005ED9A6 /* MusicSearchResponse.swift */,
				9B778189293F6BBA0089C9E9 /* MusicItemModel.swift */,
			);
			path = Models;
			sourceTree = "<group>";
		};
		9B6A03B7294720110013CCF0 /* Network */ = {
			isa = PBXGroup;
			children = (
				9B77E1442940E816005ED9A6 /* ContentViewModel.swift */,
				9B6A03B32946309B0013CCF0 /* ImageDownloader.swift */,
				9B77E1422940E790005ED9A6 /* NetworkClient.swift */,
			);
			path = Network;
			sourceTree = "<group>";
		};
		9B77E1462940E874005ED9A6 /* Extension */ = {
			isa = PBXGroup;
			children = (
				9B77E1472940E880005ED9A6 /* Extensions.swift */,
			);
			path = Extension;
			sourceTree = "<group>";
		};
		9BF2058D293E2E3200299604 = {
			isa = PBXGroup;
			children = (
				9BF20598293E2E3200299604 /* MusicSearch_UIKit */,
				9BF20597293E2E3200299604 /* Products */,
			);
			sourceTree = "<group>";
		};
		9BF20597293E2E3200299604 /* Products */ = {
			isa = PBXGroup;
			children = (
				9BF20596293E2E3200299604 /* MusicSearch_UIKit.app */,
			);
			name = Products;
			sourceTree = "<group>";
		};
		9BF20598293E2E3200299604 /* MusicSearch_UIKit */ = {
			isa = PBXGroup;
			children = (
				9B6A03B7294720110013CCF0 /* Network */,
				9B6A03B629471FDC0013CCF0 /* Models */,
				9B6A03B529471FC70013CCF0 /* Controller */,
				9B77E1462940E874005ED9A6 /* Extension */,
				9BF20599293E2E3200299604 /* AppDelegate.swift */,
				9BF2059B293E2E3200299604 /* SceneDelegate.swift */,
				9BF2059D293E2E3200299604 /* ViewController.swift */,
				9BF2059F293E2E3200299604 /* Main.storyboard */,
				9BF205A2293E2E3400299604 /* Assets.xcassets */,
				9BF205A4293E2E3400299604 /* LaunchScreen.storyboard */,
				9BF205A7293E2E3400299604 /* Info.plist */,
			);
			path = MusicSearch_UIKit;
			sourceTree = "<group>";
		};
/* End PBXGroup section */

/* Begin PBXNativeTarget section */
		9BF20595293E2E3200299604 /* MusicSearch_UIKit */ = {
			isa = PBXNativeTarget;
			buildConfigurationList = 9BF205AA293E2E3400299604 /* Build configuration list for PBXNativeTarget "MusicSearch_UIKit" */;
			buildPhases = (
				9BF20592293E2E3200299604 /* Sources */,
				9BF20593293E2E3200299604 /* Frameworks */,
				9BF20594293E2E3200299604 /* Resources */,
			);
			buildRules = (
			);
			dependencies = (
			);
			name = MusicSearch_UIKit;
			productName = MusicSearch_UIKit;
			productReference = 9BF20596293E2E3200299604 /* MusicSearch_UIKit.app */;
			productType = "com.apple.product-type.application";
		};
/* End PBXNativeTarget section */

/* Begin PBXProject section */
		9BF2058E293E2E3200299604 /* Project object */ = {
			isa = PBXProject;
			attributes = {
				BuildIndependentTargetsInParallel = 1;
				LastSwiftUpdateCheck = 1400;
				LastUpgradeCheck = 1400;
				TargetAttributes = {
					9BF20595293E2E3200299604 = {
						CreatedOnToolsVersion = 14.0.1;
					};
				};
			};
			buildConfigurationList = 9BF20591293E2E3200299604 /* Build configuration list for PBXProject "MusicSearch_UIKit" */;
			compatibilityVersion = "Xcode 14.0";
			developmentRegion = en;
			hasScannedForEncodings = 0;
			knownRegions = (
				en,
				Base,
			);
			mainGroup = 9BF2058D293E2E3200299604;
			productRefGroup = 9BF20597293E2E3200299604 /* Products */;
			projectDirPath = "";
			projectRoot = "";
			targets = (
				9BF20595293E2E3200299604 /* MusicSearch_UIKit */,
			);
		};
/* End PBXProject section */

/* Begin PBXResourcesBuildPhase section */
		9BF20594293E2E3200299604 /* Resources */ = {
			isa = PBXResourcesBuildPhase;
			buildActionMask = 2147483647;
			files = (
				9BF205A6293E2E3400299604 /* LaunchScreen.storyboard in Resources */,
				9BF205A3293E2E3400299604 /* Assets.xcassets in Resources */,
				9BF205A1293E2E3200299604 /* Main.storyboard in Resources */,
			);
			runOnlyForDeploymentPostprocessing = 0;
		};
/* End PBXResourcesBuildPhase section */

/* Begin PBXSourcesBuildPhase section */
		9BF20592293E2E3200299604 /* Sources */ = {
			isa = PBXSourcesBuildPhase;
			buildActionMask = 2147483647;
			files = (
				9B77E1452940E816005ED9A6 /* ContentViewModel.swift in Sources */,
				9B77E1482940E880005ED9A6 /* Extensions.swift in Sources */,
				9B77E14A2940E8B8005ED9A6 /* MusicSearchResponse.swift in Sources */,
				9BF2059E293E2E3200299604 /* ViewController.swift in Sources */,
				9BF2059A293E2E3200299604 /* AppDelegate.swift in Sources */,
				9B778188293F59890089C9E9 /* DetailViewController.swift in Sources */,
				9B6A03B42946309B0013CCF0 /* ImageDownloader.swift in Sources */,
				9B778184293F2BC40089C9E9 /* MainViewController.swift in Sources */,
				9B77E1432940E790005ED9A6 /* NetworkClient.swift in Sources */,
				9B77818A293F6BBA0089C9E9 /* MusicItemModel.swift in Sources */,
				9BF2059C293E2E3200299604 /* SceneDelegate.swift in Sources */,
			);
			runOnlyForDeploymentPostprocessing = 0;
		};
/* End PBXSourcesBuildPhase section */

/* Begin PBXVariantGroup section */
		9BF2059F293E2E3200299604 /* Main.storyboard */ = {
			isa = PBXVariantGroup;
			children = (
				9BF205A0293E2E3200299604 /* Base */,
			);
			name = Main.storyboard;
			sourceTree = "<group>";
		};
		9BF205A4293E2E3400299604 /* LaunchScreen.storyboard */ = {
			isa = PBXVariantGroup;
			children = (
				9BF205A5293E2E3400299604 /* Base */,
			);
			name = LaunchScreen.storyboard;
			sourceTree = "<group>";
		};
/* End PBXVariantGroup section */

/* Begin XCBuildConfiguration section */
		9BF205A8293E2E3400299604 /* Debug */ = {
			isa = XCBuildConfiguration;
			buildSettings = {
				ALWAYS_SEARCH_USER_PATHS = NO;
				CLANG_ANALYZER_NONNULL = YES;
				CLANG_ANALYZER_NUMBER_OBJECT_CONVERSION = YES_AGGRESSIVE;
				CLANG_CXX_LANGUAGE_STANDARD = "gnu++20";
				CLANG_ENABLE_MODULES = YES;
				CLANG_ENABLE_OBJC_ARC = YES;
				CLANG_ENABLE_OBJC_WEAK = YES;
				CLANG_WARN_BLOCK_CAPTURE_AUTORELEASING = YES;
				CLANG_WARN_BOOL_CONVERSION = YES;
				CLANG_WARN_COMMA = YES;
				CLANG_WARN_CONSTANT_CONVERSION = YES;
				CLANG_WARN_DEPRECATED_OBJC_IMPLEMENTATIONS = YES;
				CLANG_WARN_DIRECT_OBJC_ISA_USAGE = YES_ERROR;
				CLANG_WARN_DOCUMENTATION_COMMENTS = YES;
				CLANG_WARN_EMPTY_BODY = YES;
				CLANG_WARN_ENUM_CONVERSION = YES;
				CLANG_WARN_INFINITE_RECURSION = YES;
				CLANG_WARN_INT_CONVERSION = YES;
				CLANG_WARN_NON_LITERAL_NULL_CONVERSION = YES;
				CLANG_WARN_OBJC_IMPLICIT_RETAIN_SELF = YES;
				CLANG_WARN_OBJC_LITERAL_CONVERSION = YES;
				CLANG_WARN_OBJC_ROOT_CLASS = YES_ERROR;
				CLANG_WARN_QUOTED_INCLUDE_IN_FRAMEWORK_HEADER = YES;
				CLANG_WARN_RANGE_LOOP_ANALYSIS = YES;
				CLANG_WARN_STRICT_PROTOTYPES = YES;
				CLANG_WARN_SUSPICIOUS_MOVE = YES;
				CLANG_WARN_UNGUARDED_AVAILABILITY = YES_AGGRESSIVE;
				CLANG_WARN_UNREACHABLE_CODE = YES;
				CLANG_WARN__DUPLICATE_METHOD_MATCH = YES;
				COPY_PHASE_STRIP = NO;
				DEBUG_INFORMATION_FORMAT = dwarf;
				ENABLE_STRICT_OBJC_MSGSEND = YES;
				ENABLE_TESTABILITY = YES;
				GCC_C_LANGUAGE_STANDARD = gnu11;
				GCC_DYNAMIC_NO_PIC = NO;
				GCC_NO_COMMON_BLOCKS = YES;
				GCC_OPTIMIZATION_LEVEL = 0;
				GCC_PREPROCESSOR_DEFINITIONS = (
					"DEBUG=1",
					"$(inherited)",
				);
				GCC_WARN_64_TO_32_BIT_CONVERSION = YES;
				GCC_WARN_ABOUT_RETURN_TYPE = YES_ERROR;
				GCC_WARN_UNDECLARED_SELECTOR = YES;
				GCC_WARN_UNINITIALIZED_AUTOS = YES_AGGRESSIVE;
				GCC_WARN_UNUSED_FUNCTION = YES;
				GCC_WARN_UNUSED_VARIABLE = YES;
				IPHONEOS_DEPLOYMENT_TARGET = 16.0;
				MTL_ENABLE_DEBUG_INFO = INCLUDE_SOURCE;
				MTL_FAST_MATH = YES;
				ONLY_ACTIVE_ARCH = YES;
				SDKROOT = iphoneos;
				SWIFT_ACTIVE_COMPILATION_CONDITIONS = DEBUG;
				SWIFT_OPTIMIZATION_LEVEL = "-Onone";
			};
			name = Debug;
		};
		9BF205A9293E2E3400299604 /* Release */ = {
			isa = XCBuildConfiguration;
			buildSettings = {
				ALWAYS_SEARCH_USER_PATHS = NO;
				CLANG_ANALYZER_NONNULL = YES;
				CLANG_ANALYZER_NUMBER_OBJECT_CONVERSION = YES_AGGRESSIVE;
				CLANG_CXX_LANGUAGE_STANDARD = "gnu++20";
				CLANG_ENABLE_MODULES = YES;
				CLANG_ENABLE_OBJC_ARC = YES;
				CLANG_ENABLE_OBJC_WEAK = YES;
				CLANG_WARN_BLOCK_CAPTURE_AUTORELEASING = YES;
				CLANG_WARN_BOOL_CONVERSION = YES;
				CLANG_WARN_COMMA = YES;
				CLANG_WARN_CONSTANT_CONVERSION = YES;
				CLANG_WARN_DEPRECATED_OBJC_IMPLEMENTATIONS = YES;
				CLANG_WARN_DIRECT_OBJC_ISA_USAGE = YES_ERROR;
				CLANG_WARN_DOCUMENTATION_COMMENTS = YES;
				CLANG_WARN_EMPTY_BODY = YES;
				CLANG_WARN_ENUM_CONVERSION = YES;
				CLANG_WARN_INFINITE_RECURSION = YES;
				CLANG_WARN_INT_CONVERSION = YES;
				CLANG_WARN_NON_LITERAL_NULL_CONVERSION = YES;
				CLANG_WARN_OBJC_IMPLICIT_RETAIN_SELF = YES;
				CLANG_WARN_OBJC_LITERAL_CONVERSION = YES;
				CLANG_WARN_OBJC_ROOT_CLASS = YES_ERROR;
				CLANG_WARN_QUOTED_INCLUDE_IN_FRAMEWORK_HEADER = YES;
				CLANG_WARN_RANGE_LOOP_ANALYSIS = YES;
				CLANG_WARN_STRICT_PROTOTYPES = YES;
				CLANG_WARN_SUSPICIOUS_MOVE = YES;
				CLANG_WARN_UNGUARDED_AVAILABILITY = YES_AGGRESSIVE;
				CLANG_WARN_UNREACHABLE_CODE = YES;
				CLANG_WARN__DUPLICATE_METHOD_MATCH = YES;
				COPY_PHASE_STRIP = NO;
				DEBUG_INFORMATION_FORMAT = "dwarf-with-dsym";
				ENABLE_NS_ASSERTIONS = NO;
				ENABLE_STRICT_OBJC_MSGSEND = YES;
				GCC_C_LANGUAGE_STANDARD = gnu11;
				GCC_NO_COMMON_BLOCKS = YES;
				GCC_WARN_64_TO_32_BIT_CONVERSION = YES;
				GCC_WARN_ABOUT_RETURN_TYPE = YES_ERROR;
				GCC_WARN_UNDECLARED_SELECTOR = YES;
				GCC_WARN_UNINITIALIZED_AUTOS = YES_AGGRESSIVE;
				GCC_WARN_UNUSED_FUNCTION = YES;
				GCC_WARN_UNUSED_VARIABLE = YES;
				IPHONEOS_DEPLOYMENT_TARGET = 16.0;
				MTL_ENABLE_DEBUG_INFO = NO;
				MTL_FAST_MATH = YES;
				SDKROOT = iphoneos;
				SWIFT_COMPILATION_MODE = wholemodule;
				SWIFT_OPTIMIZATION_LEVEL = "-O";
				VALIDATE_PRODUCT = YES;
			};
			name = Release;
		};
		9BF205AB293E2E3400299604 /* Debug */ = {
			isa = XCBuildConfiguration;
			buildSettings = {
				ASSETCATALOG_COMPILER_APPICON_NAME = AppIcon;
				ASSETCATALOG_COMPILER_GLOBAL_ACCENT_COLOR_NAME = AccentColor;
				CODE_SIGN_STYLE = Automatic;
				CURRENT_PROJECT_VERSION = 1;
				DEVELOPMENT_TEAM = 5HH99XAS6F;
				GENERATE_INFOPLIST_FILE = YES;
				INFOPLIST_FILE = MusicSearch_UIKit/Info.plist;
				INFOPLIST_KEY_UIApplicationSupportsIndirectInputEvents = YES;
				INFOPLIST_KEY_UILaunchStoryboardName = LaunchScreen;
				INFOPLIST_KEY_UIMainStoryboardFile = Main;
				INFOPLIST_KEY_UISupportedInterfaceOrientations_iPad = "UIInterfaceOrientationPortrait UIInterfaceOrientationPortraitUpsideDown UIInterfaceOrientationLandscapeLeft UIInterfaceOrientationLandscapeRight";
				INFOPLIST_KEY_UISupportedInterfaceOrientations_iPhone = "UIInterfaceOrientationPortrait UIInterfaceOrientationLandscapeLeft UIInterfaceOrientationLandscapeRight";
				LD_RUNPATH_SEARCH_PATHS = (
					"$(inherited)",
					"@executable_path/Frameworks",
				);
				MARKETING_VERSION = 1.0;
				PRODUCT_BUNDLE_IDENTIFIER = "com.doganaydemirneslihan.MusicSearch-UIKit";
				PRODUCT_NAME = "$(TARGET_NAME)";
				SWIFT_EMIT_LOC_STRINGS = YES;
				SWIFT_VERSION = 5.0;
				TARGETED_DEVICE_FAMILY = "1,2";
			};
			name = Debug;
		};
		9BF205AC293E2E3400299604 /* Release */ = {
			isa = XCBuildConfiguration;
			buildSettings = {
				ASSETCATALOG_COMPILER_APPICON_NAME = AppIcon;
				ASSETCATALOG_COMPILER_GLOBAL_ACCENT_COLOR_NAME = AccentColor;
				CODE_SIGN_STYLE = Automatic;
				CURRENT_PROJECT_VERSION = 1;
				DEVELOPMENT_TEAM = 5HH99XAS6F;
				GENERATE_INFOPLIST_FILE = YES;
				INFOPLIST_FILE = MusicSearch_UIKit/Info.plist;
				INFOPLIST_KEY_UIApplicationSupportsIndirectInputEvents = YES;
				INFOPLIST_KEY_UILaunchStoryboardName = LaunchScreen;
				INFOPLIST_KEY_UIMainStoryboardFile = Main;
				INFOPLIST_KEY_UISupportedInterfaceOrientations_iPad = "UIInterfaceOrientationPortrait UIInterfaceOrientationPortraitUpsideDown UIInterfaceOrientationLandscapeLeft UIInterfaceOrientationLandscapeRight";
				INFOPLIST_KEY_UISupportedInterfaceOrientations_iPhone = "UIInterfaceOrientationPortrait UIInterfaceOrientationLandscapeLeft UIInterfaceOrientationLandscapeRight";
				LD_RUNPATH_SEARCH_PATHS = (
					"$(inherited)",
					"@executable_path/Frameworks",
				);
				MARKETING_VERSION = 1.0;
				PRODUCT_BUNDLE_IDENTIFIER = "com.doganaydemirneslihan.MusicSearch-UIKit";
				PRODUCT_NAME = "$(TARGET_NAME)";
				SWIFT_EMIT_LOC_STRINGS = YES;
				SWIFT_VERSION = 5.0;
				TARGETED_DEVICE_FAMILY = "1,2";
			};
			name = Release;
		};
/* End XCBuildConfiguration section */

/* Begin XCConfigurationList section */
		9BF20591293E2E3200299604 /* Build configuration list for PBXProject "MusicSearch_UIKit" */ = {
			isa = XCConfigurationList;
			buildConfigurations = (
				9BF205A8293E2E3400299604 /* Debug */,
				9BF205A9293E2E3400299604 /* Release */,
			);
			defaultConfigurationIsVisible = 0;
			defaultConfigurationName = Release;
		};
		9BF205AA293E2E3400299604 /* Build configuration list for PBXNativeTarget "MusicSearch_UIKit" */ = {
			isa = XCConfigurationList;
			buildConfigurations = (
				9BF205AB293E2E3400299604 /* Debug */,
				9BF205AC293E2E3400299604 /* Release */,
			);
			defaultConfigurationIsVisible = 0;
			defaultConfigurationName = Release;
		};
/* End XCConfigurationList section */
	};
	rootObject = 9BF2058E293E2E3200299604 /* Project object */;
}
